dependencies:
- name: hlf-ca
  repository: https://owkin.github.io/charts/
  version: 2.0.0
- name: hlf-ord
  repository: https://owkin.github.io/charts/
  version: 3.0.0
- name: hlf-peer
  repository: https://owkin.github.io/charts/
  version: 4.0.0
- name: hlf-couchdb
  repository: https://owkin.github.io/charts/
  version: 2.0.0
digest: sha256:b73e4434f40696db49b7987eef34d1270bf15d9828edc095c55bf96f98bb3ad5
generated: "2021-09-06T17:14:10.47684+02:00"
