dependencies:
- name: hlf-ca
  repository: https://owkin.github.io/charts/
  version: 2.1.0
- name: hlf-ord
  repository: https://owkin.github.io/charts/
  version: 3.1.0
- name: hlf-peer
  repository: https://owkin.github.io/charts/
  version: 5.1.0
- name: couchdb
  repository: https://apache.github.io/couchdb-helm
  version: 3.3.4
digest: sha256:fa87ba038d4ed93f1598d7006fdfb028727b2bf2952ccad77467e89cad9e0701
generated: "2022-02-25T16:30:40.111983373-05:00"
