dependencies:
- name: hlf-ca
  repository: https://kubernetes-charts.storage.googleapis.com/
  version: 1.2.0
- name: hlf-ord
  repository: https://kubernetes-charts.storage.googleapis.com/
  version: 1.3.0
- name: hlf-peer
  repository: https://kubernetes-charts.storage.googleapis.com/
  version: 1.3.0
- name: nginx-ingress
  repository: https://kubernetes-charts.storage.googleapis.com/
  version: 1.29.7
digest: sha256:1c84b0b5bae63a1fd24f8a860ffc1c0ae66e130d83983554167fd592a87824e4
generated: "2020-05-13T11:19:46.233884+02:00"
