dependencies:
- name: hlf-ca
  repository: https://kubernetes-charts.storage.googleapis.com/
  version: 1.2.0
- name: hlf-ord
  repository: https://kubernetes-charts.storage.googleapis.com/
  version: 1.3.0
- name: hlf-peer
  repository: https://kubernetes-charts.storage.googleapis.com/
  version: 1.4.0
- name: nginx-ingress
  repository: https://kubernetes-charts.storage.googleapis.com/
  version: 1.29.7
digest: sha256:512fc635fab0269766b882227468aa72d4d9db4f15fc332ac363fb3f063f0440
generated: "2020-07-14T10:14:45.130621606-04:00"
